
Microsoft Visual Studio Solution File, Format Version 12.00
# Visual Studio Version 17
VisualStudioVersion = 17.7.34221.43
MinimumVisualStudioVersion = 10.0.40219.1
Project("{9A19103F-16F7-4668-BE54-9A1E7A4F7556}") = "PokemonReviewApp", "PokemonReviewApp\PokemonReviewApp.csproj", "{FC49D04D-6718-472D-BAFB-1BDD235823F5}"
EndProject
Project("{FAE04EC0-301F-11D3-BF4B-00C04F79EFBC}") = "PokemonReviewApp.Tests", "PokemonReviewApp.Tests\PokemonReviewApp.Tests.csproj", "{FAC89B97-4BF5-4253-8F58-6612D3AB55FD}"
EndProject
Global
	GlobalSection(SolutionConfigurationPlatforms) = preSolution
		Debug|Any CPU = Debug|Any CPU
		Release|Any CPU = Release|Any CPU
	EndGlobalSection
	GlobalSection(ProjectConfigurationPlatforms) = postSolution
		{FC49D04D-6718-472D-BAFB-1BDD235823F5}.Debug|Any CPU.ActiveCfg = Debug|Any CPU
		{FC49D04D-6718-472D-BAFB-1BDD235823F5}.Debug|Any CPU.Build.0 = Debug|Any CPU
		{FC49D04D-6718-472D-BAFB-1BDD235823F5}.Release|Any CPU.ActiveCfg = Release|Any CPU
		{FC49D04D-6718-472D-BAFB-1BDD235823F5}.Release|Any CPU.Build.0 = Release|Any CPU
		{FAC89B97-4BF5-4253-8F58-6612D3AB55FD}.Debug|Any CPU.ActiveCfg = Debug|Any CPU
		{FAC89B97-4BF5-4253-8F58-6612D3AB55FD}.Debug|Any CPU.Build.0 = Debug|Any CPU
		{FAC89B97-4BF5-4253-8F58-6612D3AB55FD}.Release|Any CPU.ActiveCfg = Release|Any CPU
		{FAC89B97-4BF5-4253-8F58-6612D3AB55FD}.Release|Any CPU.Build.0 = Release|Any CPU
	EndGlobalSection
	GlobalSection(SolutionProperties) = preSolution
		HideSolutionNode = FALSE
	EndGlobalSection
	GlobalSection(ExtensibilityGlobals) = postSolution
		SolutionGuid = {AEC8ED8B-CFEB-4496-BFD4-C9F5777890E7}
	EndGlobalSection
EndGlobal
